
Microsoft Visual Studio Solution File, Format Version 12.00
# Visual Studio Version 16
VisualStudioVersion = 16.0.28922.388
MinimumVisualStudioVersion = 10.0.40219.1
Project("{9A19103F-16F7-4668-BE54-9A1E7A4F7556}") = "AdminDashboard", "AdminDashboard.csproj", "{4E1F1BBE-06AD-429E-AB0F-02D675332C91}"
EndProject
Global
	GlobalSection(SolutionConfigurationPlatforms) = preSolution
		Debug|Any CPU = Debug|Any CPU
		Release|Any CPU = Release|Any CPU
	EndGlobalSection
	GlobalSection(ProjectConfigurationPlatforms) = postSolution
		{4E1F1BBE-06AD-429E-AB0F-02D675332C91}.Debug|Any CPU.ActiveCfg = Debug|Any CPU
		{4E1F1BBE-06AD-429E-AB0F-02D675332C91}.Debug|Any CPU.Build.0 = Debug|Any CPU
		{4E1F1BBE-06AD-429E-AB0F-02D675332C91}.Release|Any CPU.ActiveCfg = Release|Any CPU
		{4E1F1BBE-06AD-429E-AB0F-02D675332C91}.Release|Any CPU.Build.0 = Release|Any CPU
	EndGlobalSection
	GlobalSection(SolutionProperties) = preSolution
		HideSolutionNode = FALSE
	EndGlobalSection
	GlobalSection(ExtensibilityGlobals) = postSolution
		SolutionGuid = {50F9D7F6-B1B7-47E4-A2AB-52C22C61FF1B}
	EndGlobalSection
EndGlobal
